
Microsoft Visual Studio Solution File, Format Version 12.00
Project("{FAE04EC0-301F-11D3-BF4B-00C04F79EFBC}") = "Web-App", "Web-App.csproj", "{B3BB2D2B-250E-4EE0-86FF-03EB2FE2BB1A}"
EndProject
Global
	GlobalSection(SolutionConfigurationPlatforms) = preSolution
		Debug|Any CPU = Debug|Any CPU
		Release|Any CPU = Release|Any CPU
	EndGlobalSection
	GlobalSection(ProjectConfigurationPlatforms) = postSolution
		{B3BB2D2B-250E-4EE0-86FF-03EB2FE2BB1A}.Debug|Any CPU.ActiveCfg = Debug|Any CPU
		{B3BB2D2B-250E-4EE0-86FF-03EB2FE2BB1A}.Debug|Any CPU.Build.0 = Debug|Any CPU
		{B3BB2D2B-250E-4EE0-86FF-03EB2FE2BB1A}.Release|Any CPU.ActiveCfg = Release|Any CPU
		{B3BB2D2B-250E-4EE0-86FF-03EB2FE2BB1A}.Release|Any CPU.Build.0 = Release|Any CPU
	EndGlobalSection
EndGlobal
